{
  "version": 4,
  "terraform_version": "1.0.9",
  "serial": 14,
  "lineage": "ce1acbaf-2c08-808e-7b32-6eeb1c1d1480",
  "outputs": {
    "DNS": {
      "value": "petclinic-application-1.westeurope.cloudapp.azure.com",
      "type": "string"
    },
    "public_ip_address": {
      "value": "20.126.147.40",
      "type": "string"
    }
  },
  "resources": [
    {
      "mode": "managed",
      "type": "azurerm_lb",
      "name": "sample_app",
      "provider": "provider[\"registry.terraform.io/hashicorp/azurerm\"]",
      "instances": [
        {
          "schema_version": 0,
          "attributes": {
            "frontend_ip_configuration": [
              {
                "id": "/subscriptions/949dc305-e148-41cf-9878-8f14006623b4/resourceGroups/petclinic-application-1/providers/Microsoft.Network/loadBalancers/sample_app_lb/frontendIPConfigurations/PublicIPAddress",
                "inbound_nat_rules": [],
                "load_balancer_rules": [
                  "/subscriptions/949dc305-e148-41cf-9878-8f14006623b4/resourceGroups/petclinic-application-1/providers/Microsoft.Network/loadBalancers/sample_app_lb/loadBalancingRules/sample-app-WEB-lbrule"
                ],
                "name": "PublicIPAddress",
                "outbound_rules": [],
                "private_ip_address": "",
                "private_ip_address_allocation": "Dynamic",
                "private_ip_address_version": "",
                "public_ip_address_id": "/subscriptions/949dc305-e148-41cf-9878-8f14006623b4/resourceGroups/petclinic-application-1/providers/Microsoft.Network/publicIPAddresses/sample_app_ip",
                "public_ip_prefix_id": "",
                "subnet_id": "",
                "zones": []
              }
            ],
            "id": "/subscriptions/949dc305-e148-41cf-9878-8f14006623b4/resourceGroups/petclinic-application-1/providers/Microsoft.Network/loadBalancers/sample_app_lb",
            "location": "westeurope",
            "name": "sample_app_lb",
            "private_ip_address": "",
            "private_ip_addresses": [],
            "resource_group_name": "petclinic-application-1",
            "sku": "Basic",
            "tags": {},
            "timeouts": null
          },
          "sensitive_attributes": [],
          "private": "eyJlMmJmYjczMC1lY2FhLTExZTYtOGY4OC0zNDM2M2JjN2M0YzAiOnsiY3JlYXRlIjoxODAwMDAwMDAwMDAwLCJkZWxldGUiOjE4MDAwMDAwMDAwMDAsInJlYWQiOjMwMDAwMDAwMDAwMCwidXBkYXRlIjoxODAwMDAwMDAwMDAwfX0=",
          "dependencies": [
            "azurerm_public_ip.sample_app",
            "azurerm_resource_group.sample_app"
          ]
        }
      ]
    },
    {
      "mode": "managed",
      "type": "azurerm_lb_backend_address_pool",
      "name": "bpepool",
      "provider": "provider[\"registry.terraform.io/hashicorp/azurerm\"]",
      "instances": [
        {
          "schema_version": 0,
          "attributes": {
            "backend_address": [],
            "backend_ip_configurations": [],
            "id": "/subscriptions/949dc305-e148-41cf-9878-8f14006623b4/resourceGroups/petclinic-application-1/providers/Microsoft.Network/loadBalancers/sample_app_lb/backendAddressPools/BackEndAddressPool",
            "load_balancing_rules": [
              "/subscriptions/949dc305-e148-41cf-9878-8f14006623b4/resourceGroups/petclinic-application-1/providers/Microsoft.Network/loadBalancers/sample_app_lb/loadBalancingRules/sample-app-WEB-lbrule"
            ],
            "loadbalancer_id": "/subscriptions/949dc305-e148-41cf-9878-8f14006623b4/resourceGroups/petclinic-application-1/providers/Microsoft.Network/loadBalancers/sample_app_lb",
            "name": "BackEndAddressPool",
            "outbound_rules": [],
            "resource_group_name": "petclinic-application-1",
            "timeouts": null
          },
          "sensitive_attributes": [],
          "private": "eyJlMmJmYjczMC1lY2FhLTExZTYtOGY4OC0zNDM2M2JjN2M0YzAiOnsiY3JlYXRlIjoxODAwMDAwMDAwMDAwLCJkZWxldGUiOjE4MDAwMDAwMDAwMDAsInJlYWQiOjMwMDAwMDAwMDAwMCwidXBkYXRlIjoxODAwMDAwMDAwMDAwfX0=",
          "dependencies": [
            "azurerm_lb.sample_app",
            "azurerm_public_ip.sample_app",
            "azurerm_resource_group.sample_app"
          ]
        }
      ]
    },
    {
      "mode": "managed",
      "type": "azurerm_lb_probe",
      "name": "sample_app",
      "provider": "provider[\"registry.terraform.io/hashicorp/azurerm\"]",
      "instances": [
        {
          "schema_version": 0,
          "attributes": {
            "id": "/subscriptions/949dc305-e148-41cf-9878-8f14006623b4/resourceGroups/petclinic-application-1/providers/Microsoft.Network/loadBalancers/sample_app_lb/probes/http-probe",
            "interval_in_seconds": 15,
            "load_balancer_rules": [
              "/subscriptions/949dc305-e148-41cf-9878-8f14006623b4/resourceGroups/petclinic-application-1/providers/Microsoft.Network/loadBalancers/sample_app_lb/loadBalancingRules/sample-app-WEB-lbrule"
            ],
            "loadbalancer_id": "/subscriptions/949dc305-e148-41cf-9878-8f14006623b4/resourceGroups/petclinic-application-1/providers/Microsoft.Network/loadBalancers/sample_app_lb",
            "name": "http-probe",
            "number_of_probes": 2,
            "port": 80,
            "protocol": "Http",
            "request_path": "/",
            "resource_group_name": "petclinic-application-1",
            "timeouts": null
          },
          "sensitive_attributes": [],
          "private": "eyJlMmJmYjczMC1lY2FhLTExZTYtOGY4OC0zNDM2M2JjN2M0YzAiOnsiY3JlYXRlIjoxODAwMDAwMDAwMDAwLCJkZWxldGUiOjE4MDAwMDAwMDAwMDAsInJlYWQiOjMwMDAwMDAwMDAwMCwidXBkYXRlIjoxODAwMDAwMDAwMDAwfX0=",
          "dependencies": [
            "azurerm_lb.sample_app",
            "azurerm_public_ip.sample_app",
            "azurerm_resource_group.sample_app"
          ]
        }
      ]
    },
    {
      "mode": "managed",
      "type": "azurerm_lb_rule",
      "name": "web_lbrule",
      "provider": "provider[\"registry.terraform.io/hashicorp/azurerm\"]",
      "instances": [
        {
          "schema_version": 0,
          "attributes": {
            "backend_address_pool_id": "/subscriptions/949dc305-e148-41cf-9878-8f14006623b4/resourceGroups/petclinic-application-1/providers/Microsoft.Network/loadBalancers/sample_app_lb/backendAddressPools/BackEndAddressPool",
            "backend_port": 80,
            "disable_outbound_snat": false,
            "enable_floating_ip": false,
            "enable_tcp_reset": false,
            "frontend_ip_configuration_id": "/subscriptions/949dc305-e148-41cf-9878-8f14006623b4/resourceGroups/petclinic-application-1/providers/Microsoft.Network/loadBalancers/sample_app_lb/frontendIPConfigurations/PublicIPAddress",
            "frontend_ip_configuration_name": "PublicIPAddress",
            "frontend_port": 8080,
            "id": "/subscriptions/949dc305-e148-41cf-9878-8f14006623b4/resourceGroups/petclinic-application-1/providers/Microsoft.Network/loadBalancers/sample_app_lb/loadBalancingRules/sample-app-WEB-lbrule",
            "idle_timeout_in_minutes": 4,
            "load_distribution": "Default",
            "loadbalancer_id": "/subscriptions/949dc305-e148-41cf-9878-8f14006623b4/resourceGroups/petclinic-application-1/providers/Microsoft.Network/loadBalancers/sample_app_lb",
            "name": "sample-app-WEB-lbrule",
            "probe_id": "/subscriptions/949dc305-e148-41cf-9878-8f14006623b4/resourceGroups/petclinic-application-1/providers/Microsoft.Network/loadBalancers/sample_app_lb/probes/http-probe",
            "protocol": "Tcp",
            "resource_group_name": "petclinic-application-1",
            "timeouts": null
          },
          "sensitive_attributes": [],
          "private": "eyJlMmJmYjczMC1lY2FhLTExZTYtOGY4OC0zNDM2M2JjN2M0YzAiOnsiY3JlYXRlIjoxODAwMDAwMDAwMDAwLCJkZWxldGUiOjE4MDAwMDAwMDAwMDAsInJlYWQiOjMwMDAwMDAwMDAwMCwidXBkYXRlIjoxODAwMDAwMDAwMDAwfX0=",
          "dependencies": [
            "azurerm_lb.sample_app",
            "azurerm_lb_backend_address_pool.bpepool",
            "azurerm_lb_probe.sample_app",
            "azurerm_public_ip.sample_app",
            "azurerm_resource_group.sample_app"
          ]
        }
      ]
    },
    {
      "mode": "managed",
      "type": "azurerm_linux_virtual_machine_scale_set",
      "name": "sample_app",
      "provider": "provider[\"registry.terraform.io/hashicorp/azurerm\"]",
      "instances": [
        {
          "schema_version": 0,
          "attributes": {
            "additional_capabilities": [],
            "admin_password": "Password1234!",
            "admin_ssh_key": [],
            "admin_username": "myadmin",
            "automatic_instance_repair": [
              {
                "enabled": false,
                "grace_period": "PT30M"
              }
            ],
            "automatic_os_upgrade_policy": [],
            "boot_diagnostics": [],
            "computer_name_prefix": "sampleApp",
            "custom_data": "IyEvYmluL3NoCgp5dW0gaW5zdGFsbCAteSBlcGVsLXJlbGVhc2Ugd2dldCBkb2NrZXIKCgojIGVuYWJsZSBkb2NrZXIgc2VydmljZXMKc3lzdGVtY3RsIGVuYWJsZSBkb2NrZXIuc2VydmljZQpzeXN0ZW1jdGwgc3RhcnQgZG9ja2VyLnNlcnZpY2UKCmRvY2tlciBwdWxsIHNhdGhpc2hrdW1hcjI4MTk5NS9zcHJpbmctcGV0Y2xpbmljCgpjYXQgPiAvZXRjL3N5c3RlbWQvc3lzdGVtL2RvY2tlcl9hcHBfY29udGFpbmVyLnNlcnZpY2UgPDwgRU9MCltVbml0XQpXYW50cz1kb2NrZXIuc2VydmljZQpBZnRlcj1kb2NrZXIuc2VydmljZQoKW1NlcnZpY2VdClJlbWFpbkFmdGVyRXhpdD15ZXMKRXhlY1N0YXJ0PS91c3IvYmluL2RvY2tlciBydW4gLS1yZXN0YXJ0PWFsd2F5cyAgLXAgODA6ODA4MCAgZG9ja2VyLmlvL3NhdGhpc2hrdW1hcjI4MTk5NS9zcHJpbmctcGV0Y2xpbmljCkV4ZWNTdG9wPS91c3IvYmluL2RvY2tlciBzdG9wICQoZG9ja2VyIHBzIC1xIC0tZmlsdGVyIGFuY2VzdG9yPXNwcmluZy1wZXRjbGluaWMpCgoKW0luc3RhbGxdCldhbnRlZEJ5PW11bHRpLXVzZXIudGFyZ2V0CkVPTAoKIyBlbmFibGUgZG9ja2VyX2FwcF9jb250YWluZXIgc2VydmljZQpzeXN0ZW1jdGwgZW5hYmxlIGRvY2tlcl9hcHBfY29udGFpbmVyLnNlcnZpY2UKc3lzdGVtY3RsIHN0YXJ0IGRvY2tlcl9hcHBfY29udGFpbmVyLnNlcnZpY2U=",
            "data_disk": [],
            "disable_password_authentication": false,
            "do_not_run_extensions_on_overprovisioned_machines": false,
            "encryption_at_host_enabled": false,
            "eviction_policy": "",
            "extension": null,
            "extensions_time_budget": "PT1H30M",
            "health_probe_id": "/subscriptions/949dc305-e148-41cf-9878-8f14006623b4/resourceGroups/petclinic-application-1/providers/Microsoft.Network/loadBalancers/sample_app_lb/probes/http-probe",
            "id": "/subscriptions/949dc305-e148-41cf-9878-8f14006623b4/resourceGroups/petclinic-application-1/providers/Microsoft.Compute/virtualMachineScaleSets/sample_app_scaleset-1",
            "identity": [],
            "instances": 2,
            "location": "westeurope",
            "max_bid_price": -1,
            "name": "sample_app_scaleset-1",
            "network_interface": [
              {
                "dns_servers": null,
                "enable_accelerated_networking": false,
                "enable_ip_forwarding": false,
                "ip_configuration": [
                  {
                    "application_gateway_backend_address_pool_ids": null,
                    "application_security_group_ids": null,
                    "load_balancer_backend_address_pool_ids": [
                      "/subscriptions/949dc305-e148-41cf-9878-8f14006623b4/resourceGroups/petclinic-application-1/providers/Microsoft.Network/loadBalancers/sample_app_lb/backendAddressPools/BackEndAddressPool"
                    ],
                    "load_balancer_inbound_nat_rules_ids": null,
                    "name": "TestIPConfiguration",
                    "primary": true,
                    "public_ip_address": [],
                    "subnet_id": "/subscriptions/949dc305-e148-41cf-9878-8f14006623b4/resourceGroups/petclinic-application-1/providers/Microsoft.Network/virtualNetworks/sample_app-network/subnets/acctsub",
                    "version": "IPv4"
                  }
                ],
                "name": "terraformnetworkprofile",
                "network_security_group_id": "",
                "primary": true
              }
            ],
            "os_disk": [
              {
                "caching": "ReadWrite",
                "diff_disk_settings": [],
                "disk_encryption_set_id": "",
                "disk_size_gb": 30,
                "storage_account_type": "Standard_LRS",
                "write_accelerator_enabled": false
              }
            ],
            "overprovision": true,
            "plan": [],
            "platform_fault_domain_count": 0,
            "priority": "Regular",
            "provision_vm_agent": true,
            "proximity_placement_group_id": "",
            "resource_group_name": "petclinic-application-1",
            "rolling_upgrade_policy": [],
            "scale_in_policy": "Default",
            "secret": [],
            "single_placement_group": true,
            "sku": "Standard_F2",
            "source_image_id": "",
            "source_image_reference": [
              {
                "offer": "CentOS",
                "publisher": "OpenLogic",
                "sku": "7.7",
                "version": "latest"
              }
            ],
            "tags": {
              "environment": "staging"
            },
            "terminate_notification": null,
            "timeouts": null,
            "unique_id": "5dd8f916-edf2-4ddf-bd9a-8a7a123b6c02",
            "upgrade_mode": "Manual",
            "zone_balance": false,
            "zones": null
          },
          "sensitive_attributes": [],
          "private": "eyJlMmJmYjczMC1lY2FhLTExZTYtOGY4OC0zNDM2M2JjN2M0YzAiOnsiY3JlYXRlIjoxODAwMDAwMDAwMDAwLCJkZWxldGUiOjE4MDAwMDAwMDAwMDAsInJlYWQiOjMwMDAwMDAwMDAwMCwidXBkYXRlIjozNjAwMDAwMDAwMDAwfX0=",
          "dependencies": [
            "azurerm_lb_backend_address_pool.bpepool",
            "azurerm_lb_probe.sample_app",
            "azurerm_resource_group.sample_app",
            "azurerm_subnet.sample_app"
          ]
        }
      ]
    },
    {
      "mode": "managed",
      "type": "azurerm_monitor_autoscale_setting",
      "name": "VMSS_autoscale",
      "provider": "provider[\"registry.terraform.io/hashicorp/azurerm\"]",
      "instances": [
        {
          "schema_version": 0,
          "attributes": {
            "enabled": true,
            "id": "/subscriptions/949dc305-e148-41cf-9878-8f14006623b4/resourceGroups/petclinic-application-1/providers/microsoft.insights/autoscalesettings/sample_app_autoscale_setting",
            "location": "westeurope",
            "name": "sample_app_autoscale_setting",
            "notification": [],
            "profile": [
              {
                "capacity": [
                  {
                    "default": 2,
                    "maximum": 5,
                    "minimum": 2
                  }
                ],
                "fixed_date": [],
                "name": "defaultProfile",
                "recurrence": [],
                "rule": [
                  {
                    "metric_trigger": [
                      {
                        "dimensions": [
                          {
                            "name": "AppName",
                            "operator": "Equals",
                            "values": [
                              "App1"
                            ]
                          }
                        ],
                        "metric_name": "Percentage CPU",
                        "metric_namespace": "microsoft.compute/virtualmachinescalesets",
                        "metric_resource_id": "/subscriptions/949dc305-e148-41cf-9878-8f14006623b4/resourceGroups/petclinic-application-1/providers/Microsoft.Compute/virtualMachineScaleSets/sample_app_scaleset-1",
                        "operator": "GreaterThan",
                        "statistic": "Average",
                        "threshold": 75,
                        "time_aggregation": "Average",
                        "time_grain": "PT1M",
                        "time_window": "PT5M"
                      }
                    ],
                    "scale_action": [
                      {
                        "cooldown": "PT1M",
                        "direction": "Increase",
                        "type": "ChangeCount",
                        "value": 1
                      }
                    ]
                  },
                  {
                    "metric_trigger": [
                      {
                        "dimensions": [],
                        "metric_name": "Percentage CPU",
                        "metric_namespace": "",
                        "metric_resource_id": "/subscriptions/949dc305-e148-41cf-9878-8f14006623b4/resourceGroups/petclinic-application-1/providers/Microsoft.Compute/virtualMachineScaleSets/sample_app_scaleset-1",
                        "operator": "LessThan",
                        "statistic": "Average",
                        "threshold": 25,
                        "time_aggregation": "Average",
                        "time_grain": "PT1M",
                        "time_window": "PT5M"
                      }
                    ],
                    "scale_action": [
                      {
                        "cooldown": "PT1M",
                        "direction": "Decrease",
                        "type": "ChangeCount",
                        "value": 1
                      }
                    ]
                  }
                ]
              }
            ],
            "resource_group_name": "petclinic-application-1",
            "tags": null,
            "target_resource_id": "/subscriptions/949dc305-e148-41cf-9878-8f14006623b4/resourceGroups/petclinic-application-1/providers/Microsoft.Compute/virtualMachineScaleSets/sample_app_scaleset-1",
            "timeouts": null
          },
          "sensitive_attributes": [],
          "private": "eyJlMmJmYjczMC1lY2FhLTExZTYtOGY4OC0zNDM2M2JjN2M0YzAiOnsiY3JlYXRlIjoxODAwMDAwMDAwMDAwLCJkZWxldGUiOjE4MDAwMDAwMDAwMDAsInJlYWQiOjMwMDAwMDAwMDAwMCwidXBkYXRlIjoxODAwMDAwMDAwMDAwfX0=",
          "dependencies": [
            "azurerm_lb_backend_address_pool.bpepool",
            "azurerm_lb_probe.sample_app",
            "azurerm_linux_virtual_machine_scale_set.sample_app",
            "azurerm_resource_group.sample_app",
            "azurerm_subnet.sample_app"
          ]
        }
      ]
    },
    {
      "mode": "managed",
      "type": "azurerm_public_ip",
      "name": "sample_app",
      "provider": "provider[\"registry.terraform.io/hashicorp/azurerm\"]",
      "instances": [
        {
          "schema_version": 0,
          "attributes": {
            "allocation_method": "Static",
            "domain_name_label": "petclinic-application-1",
            "fqdn": "petclinic-application-1.westeurope.cloudapp.azure.com",
            "id": "/subscriptions/949dc305-e148-41cf-9878-8f14006623b4/resourceGroups/petclinic-application-1/providers/Microsoft.Network/publicIPAddresses/sample_app_ip",
            "idle_timeout_in_minutes": 4,
            "ip_address": "20.126.147.40",
            "ip_version": "IPv4",
            "location": "westeurope",
            "name": "sample_app_ip",
            "public_ip_prefix_id": null,
            "resource_group_name": "petclinic-application-1",
            "reverse_fqdn": "",
            "sku": "Basic",
            "tags": {
              "environment": "staging"
            },
            "timeouts": null,
            "zones": []
          },
          "sensitive_attributes": [],
          "private": "eyJlMmJmYjczMC1lY2FhLTExZTYtOGY4OC0zNDM2M2JjN2M0YzAiOnsiY3JlYXRlIjoxODAwMDAwMDAwMDAwLCJkZWxldGUiOjE4MDAwMDAwMDAwMDAsInJlYWQiOjMwMDAwMDAwMDAwMCwidXBkYXRlIjoxODAwMDAwMDAwMDAwfX0=",
          "dependencies": [
            "azurerm_resource_group.sample_app"
          ]
        }
      ]
    },
    {
      "mode": "managed",
      "type": "azurerm_resource_group",
      "name": "sample_app",
      "provider": "provider[\"registry.terraform.io/hashicorp/azurerm\"]",
      "instances": [
        {
          "schema_version": 0,
          "attributes": {
            "id": "/subscriptions/949dc305-e148-41cf-9878-8f14006623b4/resourceGroups/petclinic-application-1",
            "location": "westeurope",
            "name": "petclinic-application-1",
            "tags": {},
            "timeouts": null
          },
          "sensitive_attributes": [],
          "private": "eyJlMmJmYjczMC1lY2FhLTExZTYtOGY4OC0zNDM2M2JjN2M0YzAiOnsiY3JlYXRlIjo1NDAwMDAwMDAwMDAwLCJkZWxldGUiOjU0MDAwMDAwMDAwMDAsInJlYWQiOjMwMDAwMDAwMDAwMCwidXBkYXRlIjo1NDAwMDAwMDAwMDAwfX0="
        }
      ]
    },
    {
      "mode": "managed",
      "type": "azurerm_subnet",
      "name": "sample_app",
      "provider": "provider[\"registry.terraform.io/hashicorp/azurerm\"]",
      "instances": [
        {
          "schema_version": 0,
          "attributes": {
            "address_prefix": "10.0.2.0/24",
            "address_prefixes": [
              "10.0.2.0/24"
            ],
            "delegation": [],
            "enforce_private_link_endpoint_network_policies": false,
            "enforce_private_link_service_network_policies": false,
            "id": "/subscriptions/949dc305-e148-41cf-9878-8f14006623b4/resourceGroups/petclinic-application-1/providers/Microsoft.Network/virtualNetworks/sample_app-network/subnets/acctsub",
            "name": "acctsub",
            "resource_group_name": "petclinic-application-1",
            "service_endpoint_policy_ids": [],
            "service_endpoints": [],
            "timeouts": null,
            "virtual_network_name": "sample_app-network"
          },
          "sensitive_attributes": [],
          "private": "eyJlMmJmYjczMC1lY2FhLTExZTYtOGY4OC0zNDM2M2JjN2M0YzAiOnsiY3JlYXRlIjoxODAwMDAwMDAwMDAwLCJkZWxldGUiOjE4MDAwMDAwMDAwMDAsInJlYWQiOjMwMDAwMDAwMDAwMCwidXBkYXRlIjoxODAwMDAwMDAwMDAwfX0=",
          "dependencies": [
            "azurerm_resource_group.sample_app",
            "azurerm_virtual_network.sample_app"
          ]
        }
      ]
    },
    {
      "mode": "managed",
      "type": "azurerm_virtual_network",
      "name": "sample_app",
      "provider": "provider[\"registry.terraform.io/hashicorp/azurerm\"]",
      "instances": [
        {
          "schema_version": 0,
          "attributes": {
            "address_space": [
              "10.0.0.0/16"
            ],
            "bgp_community": "",
            "ddos_protection_plan": [],
            "dns_servers": [],
            "guid": "5ff6fc36-dc4a-4089-a93c-3182a31382d2",
            "id": "/subscriptions/949dc305-e148-41cf-9878-8f14006623b4/resourceGroups/petclinic-application-1/providers/Microsoft.Network/virtualNetworks/sample_app-network",
            "location": "westeurope",
            "name": "sample_app-network",
            "resource_group_name": "petclinic-application-1",
            "subnet": [
              {
                "address_prefix": "10.0.2.0/24",
                "id": "/subscriptions/949dc305-e148-41cf-9878-8f14006623b4/resourceGroups/petclinic-application-1/providers/Microsoft.Network/virtualNetworks/sample_app-network/subnets/acctsub",
                "name": "acctsub",
                "security_group": ""
              }
            ],
            "tags": {},
            "timeouts": null,
            "vm_protection_enabled": false
          },
          "sensitive_attributes": [],
          "private": "eyJlMmJmYjczMC1lY2FhLTExZTYtOGY4OC0zNDM2M2JjN2M0YzAiOnsiY3JlYXRlIjoxODAwMDAwMDAwMDAwLCJkZWxldGUiOjE4MDAwMDAwMDAwMDAsInJlYWQiOjMwMDAwMDAwMDAwMCwidXBkYXRlIjoxODAwMDAwMDAwMDAwfX0=",
          "dependencies": [
            "azurerm_resource_group.sample_app"
          ]
        }
      ]
    }
  ]
}
